PODS:
  - boost-for-react-native (1.63.0)
  - DoubleConversion (1.1.5)
  - Folly (2016.09.26.00):
    - boost-for-react-native
    - DoubleConversion
    - glog
  - glog (0.3.4)
  - JCoreRN (1.2.10):
    - React
  - JPushRN (2.2.9):
    - React
  - React (0.55.1):
    - React/Core (= 0.55.1)
  - React/Core (0.55.1):
    - yoga (= 0.55.1.React)
  - React/CxxBridge (0.55.1):
    - Folly (= 2016.09.26.00)
    - React/Core
    - React/cxxreact
  - React/cxxreact (0.55.1):
    - boost-for-react-native (= 1.63.0)
    - Folly (= 2016.09.26.00)
    - React/jschelpers
    - React/jsinspector
  - React/DevSupport (0.55.1):
    - React/Core
    - React/RCTWebSocket
  - React/fishhook (0.55.1)
  - React/jschelpers (0.55.1):
    - Folly (= 2016.09.26.00)
    - React/PrivateDatabase
  - React/jsinspector (0.55.1)
  - React/PrivateDatabase (0.55.1)
  - React/RCTBlob (0.55.1):
    - React/Core
  - React/RCTImage (0.55.1):
    - React/Core
    - React/RCTNetwork
  - React/RCTNetwork (0.55.1):
    - React/Core
  - React/RCTText (0.55.1):
    - React/Core
  - React/RCTWebSocket (0.55.1):
    - React/Core
    - React/fishhook
    - React/RCTBlob
  - yoga (0.55.1.React)

DEPENDENCIES:
  - JCoreRN (from `../node_modules/jcore-react-native`)
  - JPushRN (from `../node_modules/jpush-react-native`)
  - React/Core (from `../node_modules/react-native`)
  - React/CxxBridge (from `../node_modules/react-native`)
  - React/DevSupport (from `../node_modules/react-native`)
  - React/RCTImage (from `../node_modules/react-native`)
  - React/RCTNetwork (from `../node_modules/react-native`)
  - React/RCTText (from `../node_modules/react-native`)
  - React/RCTWebSocket (from `../node_modules/react-native`)
  - yoga (from `../node_modules/react-native/ReactCommon/yoga`)

SPEC REPOS:
  https://github.com/cocoapods/specs.git:
    - boost-for-react-native
    - DoubleConversion
    - Folly
    - glog

EXTERNAL SOURCES:
  JCoreRN:
    :path: "../node_modules/jcore-react-native"
  JPushRN:
    :path: "../node_modules/jpush-react-native"
  React:
    :path: "../node_modules/react-native"
  yoga:
    :path: "../node_modules/react-native/ReactCommon/yoga"

SPEC CHECKSUMS:
  boost-for-react-native: 39c7adb57c4e60d6c5479dd8623128eb5b3f0f2c
  DoubleConversion: e22e0762848812a87afd67ffda3998d9ef29170c
  Folly: 211775e49d8da0ca658aebc8eab89d642935755c
  glog: 1de0bb937dccdc981596d3b5825ebfb765017ded
  JCoreRN: 5dff1e0264ee9fd57a0bc9b8cb2411b3c553e241
  JPushRN: bdaefc1f0442d90ef4035f47e29e4268ee6a11f2
  React: 9376cb9b4b566f6549100c5b74dc9bca7de347f6
  yoga: a23273df0088bf7f2bb7e5d7b00044ea57a2a54a

PODFILE CHECKSUM: 2b9d791f57349bef5b67de8d0c1275e764820169

COCOAPODS: 1.5.3
